
Microsoft Visual Studio Solution File, Format Version 12.00
# Visual Studio Version 17
VisualStudioVersion = 17.0.32014.148
MinimumVisualStudioVersion = 10.0.40219.1
Project("{FAE04EC0-301F-11D3-BF4B-00C04F79EFBC}") = "Storage", "Storage.csproj", "{66DD3AC4-CAF3-4488-B3D9-68192D3C8937}"
EndProject
Global
	GlobalSection(SolutionConfigurationPlatforms) = preSolution
		Debug|Any CPU = Debug|Any CPU
		Release|Any CPU = Release|Any CPU
	EndGlobalSection
	GlobalSection(ProjectConfigurationPlatforms) = postSolution
		{66DD3AC4-CAF3-4488-B3D9-68192D3C8937}.Debug|Any CPU.ActiveCfg = Debug|Any CPU
		{66DD3AC4-CAF3-4488-B3D9-68192D3C8937}.Debug|Any CPU.Build.0 = Debug|Any CPU
		{66DD3AC4-CAF3-4488-B3D9-68192D3C8937}.Release|Any CPU.ActiveCfg = Release|Any CPU
		{66DD3AC4-CAF3-4488-B3D9-68192D3C8937}.Release|Any CPU.Build.0 = Release|Any CPU
	EndGlobalSection
	GlobalSection(SolutionProperties) = preSolution
		HideSolutionNode = FALSE
	EndGlobalSection
	GlobalSection(ExtensibilityGlobals) = postSolution
		SolutionGuid = {B6AF5405-4960-4A0C-BAAB-F46CF5A48D00}
	EndGlobalSection
EndGlobal
